schema: '2.0'
stages:
  train_autoencoder:
    cmd: python logo_maker/autoencoder.py
    deps:
    - path: data/LLD-icon.hdf5
      md5: 91f56af2235117e44629fa608fed59ef
      size: 798927457
    params:
      logo_maker/params.py:
        AutoEncoderParams:
          ADVERSARIAL_LOSS_WEIGHT: 1
          BATCH_SIZE: 128
          EPOCHS: 50
          KL_LOSS_WEIGHT: 1
          LEARNING_RATE: 0.0004
        DatasetParams:
          CLUSTER:
          N_IMAGES: 37376
          SHUFFLE_DATA: true
          USE_MNIST: true
    outs:
    - path: outs/train_autoencoder/loss.csv
      md5: 8c9796046f1144c2ba476bccde401b72
      size: 1166
    - path: outs/train_autoencoder/model.pt
      md5: b205f79b4d6d26f5730e630af8d80e9e
      size: 3477013
  train_diffusion_model:
    cmd: python logo_maker/denoising_diffusion.py
    deps:
    - path: data/LLD-icon.hdf5
      md5: 91f56af2235117e44629fa608fed59ef
      size: 798927457
    params:
      logo_maker/params.py:
        DatasetParams:
          CLUSTER:
          N_IMAGES: 37376
          SHUFFLE_DATA: true
          USE_MNIST: true
        DiffusionModelParams:
          BATCH_SIZE: 128
          DIFFUSION_STEPS: 1000
          EMBEDDING_DIMENSION: 32
          EPOCHS: 10
          LEARNING_RATE: 0.001
          VAR_SCHEDULE_START: 0.0001
          VAR_SCHEDULE_END: 0.02
    outs:
    - path: outs/train_diffusion_model/loss.csv
      md5: ac93ddd973e524f5e2324a24eac6aece
      size: 245
    - path: outs/train_diffusion_model/model.pt
      md5: f0faa6c6a1d9121cea100b16b5c3bd09
      size: 54153325
  draw_samples:
    cmd: python logo_maker/probe_model.py --use_gpu --n_samples 64
    deps:
    - path: outs/train_autoencoder/model.pt
      md5: b205f79b4d6d26f5730e630af8d80e9e
      size: 3477013
    - path: outs/train_diffusion_model/model.pt
      md5: f0faa6c6a1d9121cea100b16b5c3bd09
      size: 54153325
  train_autoencoder_lld:
    cmd: python logo_maker/autoencoder.py
    deps:
    - path: data/LLD-icon.hdf5
      hash: md5
      md5: 91f56af2235117e44629fa608fed59ef
      size: 798927457
    params:
      logo_maker/params.py:
        AutoEncoderParams:
          ADVERSARIAL_LOSS_WEIGHT: 1
          BATCH_SIZE: 256
          EPOCHS_MNIST: 25
          EPOCHS_LLD: 20
          KL_LOSS_WEIGHT: 1
          LEARNING_RATE: 0.0004
        DatasetParams:
          CLUSTER:
          N_IMAGES: 100
          SHUFFLE_DATA: true
    outs:
    - path: outs/train_autoencoder_lld/loss.csv
      hash: md5
      md5: e3c4651bc3fc85b7cbe221341ae14111
      size: 460
    - path: outs/train_autoencoder_lld/model.pt
      hash: md5
      md5: 3d9707c796b9f497ad79ed9f73cd5ec1
      size: 13861277
  train_autoencoder_mnist:
    cmd: python logo_maker/autoencoder.py --use_mnist
    deps:
    - path: data/LLD-icon.hdf5
      hash: md5
      md5: 91f56af2235117e44629fa608fed59ef
      size: 798927457
    params:
      logo_maker/params.py:
        AutoEncoderParams:
          ADVERSARIAL_LOSS_WEIGHT: 1
          BATCH_SIZE: 256
          EPOCHS_MNIST: 25
          EPOCHS_LLD: 20
          KL_LOSS_WEIGHT: 1
          LEARNING_RATE: 0.0004
        DatasetParams:
          CLUSTER:
          N_IMAGES: 100
          SHUFFLE_DATA: true
    outs:
    - path: outs/train_autoencoder_mnist/loss.csv
      hash: md5
      md5: 6cf2dc3ee0b220a025886b4c3aefd5f4
      size: 571
    - path: outs/train_autoencoder_mnist/model.pt
      hash: md5
      md5: d8eb144cfd3e7705d2fbe57631562324
      size: 13828317
  draw_samples_mnist:
    cmd: python logo_maker/sample_from_model.py --use_mnist --use_gpu --n_samples
      64
    deps:
    - path: outs/train_autoencoder_mnist/model.pt
      hash: md5
      md5: d8eb144cfd3e7705d2fbe57631562324
      size: 13828317
    - path: outs/train_diffusion_model_mnist/model.pt
      hash: md5
      md5: 9909be2d9b374dbb517f84e5120178f4
      size: 13550121
  draw_samples_lld:
    cmd: python logo_maker/sample_from_model.py --use_gpu --n_samples 64
    deps:
    - path: outs/train_autoencoder_lld/model.pt
      hash: md5
      md5: 3d9707c796b9f497ad79ed9f73cd5ec1
      size: 13861277
    - path: outs/train_diffusion_model_lld/model.pt
      hash: md5
      md5: 2d45b48f2ec429beb25b82f4c3a73f4c
      size: 13566889
  train_diffusion_model_mnist:
    cmd: python logo_maker/denoising_diffusion.py --use_mnist
    deps:
    - path: data/LLD-icon.hdf5
      hash: md5
      md5: 91f56af2235117e44629fa608fed59ef
      size: 798927457
    params:
      logo_maker/params.py:
        DatasetParams:
          CLUSTER:
          N_IMAGES: 100
          SHUFFLE_DATA: true
        DiffusionModelParams:
          BATCH_SIZE: 256
          DIFFUSION_STEPS: 1000
          EMBEDDING_DIMENSION: 32
          EPOCHS_MNIST: 25
          EPOCHS_LLD: 20
          LEARNING_RATE: 0.0004
          VAR_SCHEDULE_START: 0.0001
          VAR_SCHEDULE_END: 0.02
    outs:
    - path: outs/train_diffusion_model_mnist/loss.csv
      hash: md5
      md5: cbc8e56a359b3d81be350bf495a627cc
      size: 571
    - path: outs/train_diffusion_model_mnist/model.pt
      hash: md5
      md5: 9909be2d9b374dbb517f84e5120178f4
      size: 13550121
  train_diffusion_model_lld:
    cmd: python logo_maker/denoising_diffusion.py
    deps:
    - path: data/LLD-icon.hdf5
      hash: md5
      md5: 91f56af2235117e44629fa608fed59ef
      size: 798927457
    params:
      logo_maker/params.py:
        DatasetParams:
          CLUSTER:
          N_IMAGES: 100
          SHUFFLE_DATA: true
        DiffusionModelParams:
          BATCH_SIZE: 256
          DIFFUSION_STEPS: 1000
          EMBEDDING_DIMENSION: 32
          EPOCHS_MNIST: 25
          EPOCHS_LLD: 20
          LEARNING_RATE: 0.0004
          VAR_SCHEDULE_START: 0.0001
          VAR_SCHEDULE_END: 0.02
    outs:
    - path: outs/train_diffusion_model_lld/loss.csv
      hash: md5
      md5: 307649d75d71e88e12f18156a87415ff
      size: 460
    - path: outs/train_diffusion_model_lld/model.pt
      hash: md5
      md5: 2d45b48f2ec429beb25b82f4c3a73f4c
      size: 13566889
