schema: '2.0'
stages:
  train_autoencoder:
    cmd: python logo_maker/autoencoder.py
    deps:
    - path: data/LLD-icon.hdf5
      md5: 91f56af2235117e44629fa608fed59ef
      size: 798927457
    params:
      logo_maker/params.py:
        AutoEncoderParams:
          N_EPOCHS: 150
          BATCH_SIZE: 128
          LEARNING_RATE: 0.0003
          MODEL_FILE:
    outs:
    - path: outs/autoencoder/loss.csv
      md5: 7ecc8d3156cfa3bb5fb794e85b682e36
      size: 3431
    - path: outs/autoencoder/model.pt
      md5: 598328ad6d1656639c29b30d59d3cfa1
      size: 71063
